
Microsoft Visual Studio Solution File, Format Version 12.00
# Visual Studio Version 16
VisualStudioVersion = 16.0.30413.136
MinimumVisualStudioVersion = 10.0.40219.1
Project("{FAE04EC0-301F-11D3-BF4B-00C04F79EFBC}") = "Black_Out_Challenge", "Black_Out_Challenge.csproj", "{E83C3746-05F9-4CDD-A220-03FB9FCDF73B}"
EndProject
Global
	GlobalSection(SolutionConfigurationPlatforms) = preSolution
		Debug|Any CPU = Debug|Any CPU
		Release|Any CPU = Release|Any CPU
	EndGlobalSection
	GlobalSection(ProjectConfigurationPlatforms) = postSolution
		{E83C3746-05F9-4CDD-A220-03FB9FCDF73B}.Debug|Any CPU.ActiveCfg = Debug|Any CPU
		{E83C3746-05F9-4CDD-A220-03FB9FCDF73B}.Debug|Any CPU.Build.0 = Debug|Any CPU
		{E83C3746-05F9-4CDD-A220-03FB9FCDF73B}.Release|Any CPU.ActiveCfg = Release|Any CPU
		{E83C3746-05F9-4CDD-A220-03FB9FCDF73B}.Release|Any CPU.Build.0 = Release|Any CPU
	EndGlobalSection
	GlobalSection(SolutionProperties) = preSolution
		HideSolutionNode = FALSE
	EndGlobalSection
	GlobalSection(ExtensibilityGlobals) = postSolution
		SolutionGuid = {DDC52CED-EEDD-4677-AEC1-BD917F659CAF}
	EndGlobalSection
EndGlobal
